// !$*UTF8*$!
{
	archiveVersion = 1;
	classes = {
	};
	objectVersion = 56;
	objects = {

/* Begin PBXBuildFile section */
		8E4A86E42ABB56D000861C02 /* ModalViews_ExampleApp.swift in Sources */ = {isa = PBXBuildFile; fileRef = 8E4A86E32ABB56D000861C02 /* ModalViews_ExampleApp.swift */; };
		8E4A86E62ABB56D000861C02 /* ContentView1.swift in Sources */ = {isa = PBXBuildFile; fileRef = 8E4A86E52ABB56D000861C02 /* ContentView1.swift */; };
		8E4A86E82ABB56D100861C02 /* Assets.xcassets in Resources */ = {isa = PBXBuildFile; fileRef = 8E4A86E72ABB56D100861C02 /* Assets.xcassets */; };
		8E4A86F72ABB66E700861C02 /* ContentView2.swift in Sources */ = {isa = PBXBuildFile; fileRef = 8E4A86F62ABB66E700861C02 /* ContentView2.swift */; };
		8E4A86F92ABB67FC00861C02 /* ContentView3.swift in Sources */ = {isa = PBXBuildFile; fileRef = 8E4A86F82ABB67FC00861C02 /* ContentView3.swift */; };
		8E4A86FB2ABB687200861C02 /* ContentView4.swift in Sources */ = {isa = PBXBuildFile; fileRef = 8E4A86FA2ABB687200861C02 /* ContentView4.swift */; };
		8E4A86FD2ABB6A4000861C02 /* ContentView5.swift in Sources */ = {isa = PBXBuildFile; fileRef = 8E4A86FC2ABB6A4000861C02 /* ContentView5.swift */; };
		8E4A86FF2ABB6C5400861C02 /* ContentView6.swift in Sources */ = {isa = PBXBuildFile; fileRef = 8E4A86FE2ABB6C5400861C02 /* ContentView6.swift */; };
		8E4A87012ABB708A00861C02 /* ContentView7.swift in Sources */ = {isa = PBXBuildFile; fileRef = 8E4A87002ABB708A00861C02 /* ContentView7.swift */; };
		8E4A87032ABB726000861C02 /* ContentView8.swift in Sources */ = {isa = PBXBuildFile; fileRef = 8E4A87022ABB726000861C02 /* ContentView8.swift */; };
		8E4A87052ABB748100861C02 /* ContentView9.swift in Sources */ = {isa = PBXBuildFile; fileRef = 8E4A87042ABB748100861C02 /* ContentView9.swift */; };
/* End PBXBuildFile section */

/* Begin PBXFileReference section */
		8E4A86E02ABB56D000861C02 /* ModalViews-Example.app */ = {isa = PBXFileReference; explicitFileType = wrapper.application; includeInIndex = 0; path = "ModalViews-Example.app"; sourceTree = BUILT_PRODUCTS_DIR; };
		8E4A86E32ABB56D000861C02 /* ModalViews_ExampleApp.swift */ = {isa = PBXFileReference; lastKnownFileType = sourcecode.swift; path = ModalViews_ExampleApp.swift; sourceTree = "<group>"; };
		8E4A86E52ABB56D000861C02 /* ContentView1.swift */ = {isa = PBXFileReference; lastKnownFileType = sourcecode.swift; path = ContentView1.swift; sourceTree = "<group>"; };
		8E4A86E72ABB56D100861C02 /* Assets.xcassets */ = {isa = PBXFileReference; lastKnownFileType = folder.assetcatalog; path = Assets.xcassets; sourceTree = "<group>"; };
		8E4A86F32ABB570F00861C02 /* SampleCode.xcconfig */ = {isa = PBXFileReference; lastKnownFileType = text.xcconfig; path = SampleCode.xcconfig; sourceTree = "<group>"; };
		8E4A86F42ABB571000861C02 /* README.md */ = {isa = PBXFileReference; lastKnownFileType = net.daringfireball.markdown; path = README.md; sourceTree = "<group>"; };
		8E4A86F52ABB571000861C02 /* LICENSE */ = {isa = PBXFileReference; lastKnownFileType = text; path = LICENSE; sourceTree = "<group>"; };
		8E4A86F62ABB66E700861C02 /* ContentView2.swift */ = {isa = PBXFileReference; lastKnownFileType = sourcecode.swift; path = ContentView2.swift; sourceTree = "<group>"; };
		8E4A86F82ABB67FC00861C02 /* ContentView3.swift */ = {isa = PBXFileReference; lastKnownFileType = sourcecode.swift; path = ContentView3.swift; sourceTree = "<group>"; };
		8E4A86FA2ABB687200861C02 /* ContentView4.swift */ = {isa = PBXFileReference; lastKnownFileType = sourcecode.swift; path = ContentView4.swift; sourceTree = "<group>"; };
		8E4A86FC2ABB6A4000861C02 /* ContentView5.swift */ = {isa = PBXFileReference; lastKnownFileType = sourcecode.swift; path = ContentView5.swift; sourceTree = "<group>"; };
		8E4A86FE2ABB6C5400861C02 /* ContentView6.swift */ = {isa = PBXFileReference; lastKnownFileType = sourcecode.swift; path = ContentView6.swift; sourceTree = "<group>"; };
		8E4A87002ABB708A00861C02 /* ContentView7.swift */ = {isa = PBXFileReference; lastKnownFileType = sourcecode.swift; path = ContentView7.swift; sourceTree = "<group>"; };
		8E4A87022ABB726000861C02 /* ContentView8.swift */ = {isa = PBXFileReference; lastKnownFileType = sourcecode.swift; path = ContentView8.swift; sourceTree = "<group>"; };
		8E4A87042ABB748100861C02 /* ContentView9.swift */ = {isa = PBXFileReference; lastKnownFileType = sourcecode.swift; path = ContentView9.swift; sourceTree = "<group>"; };
/* End PBXFileReference section */

/* Begin PBXFrameworksBuildPhase section */
		8E4A86DD2ABB56D000861C02 /* Frameworks */ = {
			isa = PBXFrameworksBuildPhase;
			buildActionMask = 2147483647;
			files = (
			);
			runOnlyForDeploymentPostprocessing = 0;
		};
/* End PBXFrameworksBuildPhase section */

/* Begin PBXGroup section */
		8E4A86D72ABB56D000861C02 = {
			isa = PBXGroup;
			children = (
				8E4A86F52ABB571000861C02 /* LICENSE */,
				8E4A86F42ABB571000861C02 /* README.md */,
				8E4A86F22ABB570F00861C02 /* Configuration */,
				8E4A86E22ABB56D000861C02 /* ModalViews-Example */,
				8E4A86E12ABB56D000861C02 /* Products */,
			);
			sourceTree = "<group>";
		};
		8E4A86E12ABB56D000861C02 /* Products */ = {
			isa = PBXGroup;
			children = (
				8E4A86E02ABB56D000861C02 /* ModalViews-Example.app */,
			);
			name = Products;
			sourceTree = "<group>";
		};
		8E4A86E22ABB56D000861C02 /* ModalViews-Example */ = {
			isa = PBXGroup;
			children = (
				8E4A86E32ABB56D000861C02 /* ModalViews_ExampleApp.swift */,
				8E4A86E52ABB56D000861C02 /* ContentView1.swift */,
				8E4A86F62ABB66E700861C02 /* ContentView2.swift */,
				8E4A86F82ABB67FC00861C02 /* ContentView3.swift */,
				8E4A86FA2ABB687200861C02 /* ContentView4.swift */,
				8E4A86FC2ABB6A4000861C02 /* ContentView5.swift */,
				8E4A86FE2ABB6C5400861C02 /* ContentView6.swift */,
				8E4A87002ABB708A00861C02 /* ContentView7.swift */,
				8E4A87022ABB726000861C02 /* ContentView8.swift */,
				8E4A87042ABB748100861C02 /* ContentView9.swift */,
				8E4A86E72ABB56D100861C02 /* Assets.xcassets */,
			);
			path = "ModalViews-Example";
			sourceTree = "<group>";
		};
		8E4A86F22ABB570F00861C02 /* Configuration */ = {
			isa = PBXGroup;
			children = (
				8E4A86F32ABB570F00861C02 /* SampleCode.xcconfig */,
			);
			path = Configuration;
			sourceTree = "<group>";
		};
/* End PBXGroup section */

/* Begin PBXNativeTarget section */
		8E4A86DF2ABB56D000861C02 /* ModalViews-Example */ = {
			isa = PBXNativeTarget;
			buildConfigurationList = 8E4A86EE2ABB56D100861C02 /* Build configuration list for PBXNativeTarget "ModalViews-Example" */;
			buildPhases = (
				8E4A86DC2ABB56D000861C02 /* Sources */,
				8E4A86DD2ABB56D000861C02 /* Frameworks */,
				8E4A86DE2ABB56D000861C02 /* Resources */,
			);
			buildRules = (
			);
			dependencies = (
			);
			name = "ModalViews-Example";
			productName = "ModalViews-Example";
			productReference = 8E4A86E02ABB56D000861C02 /* ModalViews-Example.app */;
			productType = "com.apple.product-type.application";
		};
/* End PBXNativeTarget section */

/* Begin PBXProject section */
		8E4A86D82ABB56D000861C02 /* Project object */ = {
			isa = PBXProject;
			attributes = {
				BuildIndependentTargetsInParallel = 1;
				LastSwiftUpdateCheck = 1500;
				LastUpgradeCheck = 1500;
				TargetAttributes = {
					8E4A86DF2ABB56D000861C02 = {
						CreatedOnToolsVersion = 15.0;
					};
				};
			};
			buildConfigurationList = 8E4A86DB2ABB56D000861C02 /* Build configuration list for PBXProject "ModalViews-Example" */;
			compatibilityVersion = "Xcode 14.0";
			developmentRegion = en;
			hasScannedForEncodings = 0;
			knownRegions = (
				en,
				Base,
			);
			mainGroup = 8E4A86D72ABB56D000861C02;
			productRefGroup = 8E4A86E12ABB56D000861C02 /* Products */;
			projectDirPath = "";
			projectRoot = "";
			targets = (
				8E4A86DF2ABB56D000861C02 /* ModalViews-Example */,
			);
		};
/* End PBXProject section */

/* Begin PBXResourcesBuildPhase section */
		8E4A86DE2ABB56D000861C02 /* Resources */ = {
			isa = PBXResourcesBuildPhase;
			buildActionMask = 2147483647;
			files = (
				8E4A86E82ABB56D100861C02 /* Assets.xcassets in Resources */,
			);
			runOnlyForDeploymentPostprocessing = 0;
		};
/* End PBXResourcesBuildPhase section */

/* Begin PBXSourcesBuildPhase section */
		8E4A86DC2ABB56D000861C02 /* Sources */ = {
			isa = PBXSourcesBuildPhase;
			buildActionMask = 2147483647;
			files = (
				8E4A86FD2ABB6A4000861C02 /* ContentView5.swift in Sources */,
				8E4A86F72ABB66E700861C02 /* ContentView2.swift in Sources */,
				8E4A87052ABB748100861C02 /* ContentView9.swift in Sources */,
				8E4A87012ABB708A00861C02 /* ContentView7.swift in Sources */,
				8E4A86E62ABB56D000861C02 /* ContentView1.swift in Sources */,
				8E4A86FF2ABB6C5400861C02 /* ContentView6.swift in Sources */,
				8E4A87032ABB726000861C02 /* ContentView8.swift in Sources */,
				8E4A86F92ABB67FC00861C02 /* ContentView3.swift in Sources */,
				8E4A86FB2ABB687200861C02 /* ContentView4.swift in Sources */,
				8E4A86E42ABB56D000861C02 /* ModalViews_ExampleApp.swift in Sources */,
			);
			runOnlyForDeploymentPostprocessing = 0;
		};
/* End PBXSourcesBuildPhase section */

/* Begin XCBuildConfiguration section */
		8E4A86EC2ABB56D100861C02 /* Debug */ = {
			isa = XCBuildConfiguration;
			baseConfigurationReference = 8E4A86F32ABB570F00861C02 /* SampleCode.xcconfig */;
			buildSettings = {
				ALWAYS_SEARCH_USER_PATHS = NO;
				ASSETCATALOG_COMPILER_GENERATE_SWIFT_ASSET_SYMBOL_EXTENSIONS = YES;
				CLANG_ANALYZER_NONNULL = YES;
				CLANG_ANALYZER_NUMBER_OBJECT_CONVERSION = YES_AGGRESSIVE;
				CLANG_CXX_LANGUAGE_STANDARD = "gnu++20";
				CLANG_ENABLE_MODULES = YES;
				CLANG_ENABLE_OBJC_ARC = YES;
				CLANG_ENABLE_OBJC_WEAK = YES;
				CLANG_WARN_BLOCK_CAPTURE_AUTORELEASING = YES;
				CLANG_WARN_BOOL_CONVERSION = YES;
				CLANG_WARN_COMMA = YES;
				CLANG_WARN_CONSTANT_CONVERSION = YES;
				CLANG_WARN_DEPRECATED_OBJC_IMPLEMENTATIONS = YES;
				CLANG_WARN_DIRECT_OBJC_ISA_USAGE = YES_ERROR;
				CLANG_WARN_DOCUMENTATION_COMMENTS = YES;
				CLANG_WARN_EMPTY_BODY = YES;
				CLANG_WARN_ENUM_CONVERSION = YES;
				CLANG_WARN_INFINITE_RECURSION = YES;
				CLANG_WARN_INT_CONVERSION = YES;
				CLANG_WARN_NON_LITERAL_NULL_CONVERSION = YES;
				CLANG_WARN_OBJC_IMPLICIT_RETAIN_SELF = YES;
				CLANG_WARN_OBJC_LITERAL_CONVERSION = YES;
				CLANG_WARN_OBJC_ROOT_CLASS = YES_ERROR;
				CLANG_WARN_QUOTED_INCLUDE_IN_FRAMEWORK_HEADER = YES;
				CLANG_WARN_RANGE_LOOP_ANALYSIS = YES;
				CLANG_WARN_STRICT_PROTOTYPES = YES;
				CLANG_WARN_SUSPICIOUS_MOVE = YES;
				CLANG_WARN_UNGUARDED_AVAILABILITY = YES_AGGRESSIVE;
				CLANG_WARN_UNREACHABLE_CODE = YES;
				CLANG_WARN__DUPLICATE_METHOD_MATCH = YES;
				COPY_PHASE_STRIP = NO;
				DEBUG_INFORMATION_FORMAT = dwarf;
				ENABLE_STRICT_OBJC_MSGSEND = YES;
				ENABLE_TESTABILITY = YES;
				ENABLE_USER_SCRIPT_SANDBOXING = YES;
				GCC_C_LANGUAGE_STANDARD = gnu17;
				GCC_DYNAMIC_NO_PIC = NO;
				GCC_NO_COMMON_BLOCKS = YES;
				GCC_OPTIMIZATION_LEVEL = 0;
				GCC_PREPROCESSOR_DEFINITIONS = (
					"DEBUG=1",
					"$(inherited)",
				);
				GCC_WARN_64_TO_32_BIT_CONVERSION = YES;
				GCC_WARN_ABOUT_RETURN_TYPE = YES_ERROR;
				GCC_WARN_UNDECLARED_SELECTOR = YES;
				GCC_WARN_UNINITIALIZED_AUTOS = YES_AGGRESSIVE;
				GCC_WARN_UNUSED_FUNCTION = YES;
				GCC_WARN_UNUSED_VARIABLE = YES;
				IPHONEOS_DEPLOYMENT_TARGET = 17.0;
				LOCALIZATION_PREFERS_STRING_CATALOGS = YES;
				MTL_ENABLE_DEBUG_INFO = INCLUDE_SOURCE;
				MTL_FAST_MATH = YES;
				ONLY_ACTIVE_ARCH = YES;
				SDKROOT = iphoneos;
				SWIFT_ACTIVE_COMPILATION_CONDITIONS = "DEBUG $(inherited)";
				SWIFT_OPTIMIZATION_LEVEL = "-Onone";
			};
			name = Debug;
		};
		8E4A86ED2ABB56D100861C02 /* Release */ = {
			isa = XCBuildConfiguration;
			baseConfigurationReference = 8E4A86F32ABB570F00861C02 /* SampleCode.xcconfig */;
			buildSettings = {
				ALWAYS_SEARCH_USER_PATHS = NO;
				ASSETCATALOG_COMPILER_GENERATE_SWIFT_ASSET_SYMBOL_EXTENSIONS = YES;
				CLANG_ANALYZER_NONNULL = YES;
				CLANG_ANALYZER_NUMBER_OBJECT_CONVERSION = YES_AGGRESSIVE;
				CLANG_CXX_LANGUAGE_STANDARD = "gnu++20";
				CLANG_ENABLE_MODULES = YES;
				CLANG_ENABLE_OBJC_ARC = YES;
				CLANG_ENABLE_OBJC_WEAK = YES;
				CLANG_WARN_BLOCK_CAPTURE_AUTORELEASING = YES;
				CLANG_WARN_BOOL_CONVERSION = YES;
				CLANG_WARN_COMMA = YES;
				CLANG_WARN_CONSTANT_CONVERSION = YES;
				CLANG_WARN_DEPRECATED_OBJC_IMPLEMENTATIONS = YES;
				CLANG_WARN_DIRECT_OBJC_ISA_USAGE = YES_ERROR;
				CLANG_WARN_DOCUMENTATION_COMMENTS = YES;
				CLANG_WARN_EMPTY_BODY = YES;
				CLANG_WARN_ENUM_CONVERSION = YES;
				CLANG_WARN_INFINITE_RECURSION = YES;
				CLANG_WARN_INT_CONVERSION = YES;
				CLANG_WARN_NON_LITERAL_NULL_CONVERSION = YES;
				CLANG_WARN_OBJC_IMPLICIT_RETAIN_SELF = YES;
				CLANG_WARN_OBJC_LITERAL_CONVERSION = YES;
				CLANG_WARN_OBJC_ROOT_CLASS = YES_ERROR;
				CLANG_WARN_QUOTED_INCLUDE_IN_FRAMEWORK_HEADER = YES;
				CLANG_WARN_RANGE_LOOP_ANALYSIS = YES;
				CLANG_WARN_STRICT_PROTOTYPES = YES;
				CLANG_WARN_SUSPICIOUS_MOVE = YES;
				CLANG_WARN_UNGUARDED_AVAILABILITY = YES_AGGRESSIVE;
				CLANG_WARN_UNREACHABLE_CODE = YES;
				CLANG_WARN__DUPLICATE_METHOD_MATCH = YES;
				COPY_PHASE_STRIP = NO;
				DEBUG_INFORMATION_FORMAT = "dwarf-with-dsym";
				ENABLE_NS_ASSERTIONS = NO;
				ENABLE_STRICT_OBJC_MSGSEND = YES;
				ENABLE_USER_SCRIPT_SANDBOXING = YES;
				GCC_C_LANGUAGE_STANDARD = gnu17;
				GCC_NO_COMMON_BLOCKS = YES;
				GCC_WARN_64_TO_32_BIT_CONVERSION = YES;
				GCC_WARN_ABOUT_RETURN_TYPE = YES_ERROR;
				GCC_WARN_UNDECLARED_SELECTOR = YES;
				GCC_WARN_UNINITIALIZED_AUTOS = YES_AGGRESSIVE;
				GCC_WARN_UNUSED_FUNCTION = YES;
				GCC_WARN_UNUSED_VARIABLE = YES;
				IPHONEOS_DEPLOYMENT_TARGET = 17.0;
				LOCALIZATION_PREFERS_STRING_CATALOGS = YES;
				MTL_ENABLE_DEBUG_INFO = NO;
				MTL_FAST_MATH = YES;
				SDKROOT = iphoneos;
				SWIFT_COMPILATION_MODE = wholemodule;
				VALIDATE_PRODUCT = YES;
			};
			name = Release;
		};
		8E4A86EF2ABB56D100861C02 /* Debug */ = {
			isa = XCBuildConfiguration;
			baseConfigurationReference = 8E4A86F32ABB570F00861C02 /* SampleCode.xcconfig */;
			buildSettings = {
				ASSETCATALOG_COMPILER_APPICON_NAME = AppIcon;
				ASSETCATALOG_COMPILER_GLOBAL_ACCENT_COLOR_NAME = AccentColor;
				CODE_SIGN_STYLE = Automatic;
				CURRENT_PROJECT_VERSION = 1;
				DEVELOPMENT_ASSET_PATHS = "";
				DEVELOPMENT_TEAM = "";
				ENABLE_PREVIEWS = YES;
				GENERATE_INFOPLIST_FILE = YES;
				INFOPLIST_KEY_UIApplicationSceneManifest_Generation = YES;
				INFOPLIST_KEY_UIApplicationSupportsIndirectInputEvents = YES;
				INFOPLIST_KEY_UILaunchScreen_Generation = YES;
				INFOPLIST_KEY_UISupportedInterfaceOrientations_iPad = "UIInterfaceOrientationPortrait UIInterfaceOrientationPortraitUpsideDown UIInterfaceOrientationLandscapeLeft UIInterfaceOrientationLandscapeRight";
				INFOPLIST_KEY_UISupportedInterfaceOrientations_iPhone = "UIInterfaceOrientationPortrait UIInterfaceOrientationLandscapeLeft UIInterfaceOrientationLandscapeRight";
				LD_RUNPATH_SEARCH_PATHS = (
					"$(inherited)",
					"@executable_path/Frameworks",
				);
				MARKETING_VERSION = 1.0;
				PRODUCT_BUNDLE_IDENTIFIER = "com.example.kamilstrzelecki.ModalViews-Example${SAMPLE_CODE_DISAMBIGUATOR}";
				PRODUCT_NAME = "$(TARGET_NAME)";
				SWIFT_EMIT_LOC_STRINGS = YES;
				SWIFT_VERSION = 5.0;
				TARGETED_DEVICE_FAMILY = "1,2";
			};
			name = Debug;
		};
		8E4A86F02ABB56D100861C02 /* Release */ = {
			isa = XCBuildConfiguration;
			baseConfigurationReference = 8E4A86F32ABB570F00861C02 /* SampleCode.xcconfig */;
			buildSettings = {
				ASSETCATALOG_COMPILER_APPICON_NAME = AppIcon;
				ASSETCATALOG_COMPILER_GLOBAL_ACCENT_COLOR_NAME = AccentColor;
				CODE_SIGN_STYLE = Automatic;
				CURRENT_PROJECT_VERSION = 1;
				DEVELOPMENT_ASSET_PATHS = "";
				DEVELOPMENT_TEAM = "";
				ENABLE_PREVIEWS = YES;
				GENERATE_INFOPLIST_FILE = YES;
				INFOPLIST_KEY_UIApplicationSceneManifest_Generation = YES;
				INFOPLIST_KEY_UIApplicationSupportsIndirectInputEvents = YES;
				INFOPLIST_KEY_UILaunchScreen_Generation = YES;
				INFOPLIST_KEY_UISupportedInterfaceOrientations_iPad = "UIInterfaceOrientationPortrait UIInterfaceOrientationPortraitUpsideDown UIInterfaceOrientationLandscapeLeft UIInterfaceOrientationLandscapeRight";
				INFOPLIST_KEY_UISupportedInterfaceOrientations_iPhone = "UIInterfaceOrientationPortrait UIInterfaceOrientationLandscapeLeft UIInterfaceOrientationLandscapeRight";
				LD_RUNPATH_SEARCH_PATHS = (
					"$(inherited)",
					"@executable_path/Frameworks",
				);
				MARKETING_VERSION = 1.0;
				PRODUCT_BUNDLE_IDENTIFIER = "com.example.kamilstrzelecki.ModalViews-Example${SAMPLE_CODE_DISAMBIGUATOR}";
				PRODUCT_NAME = "$(TARGET_NAME)";
				SWIFT_EMIT_LOC_STRINGS = YES;
				SWIFT_VERSION = 5.0;
				TARGETED_DEVICE_FAMILY = "1,2";
			};
			name = Release;
		};
/* End XCBuildConfiguration section */

/* Begin XCConfigurationList section */
		8E4A86DB2ABB56D000861C02 /* Build configuration list for PBXProject "ModalViews-Example" */ = {
			isa = XCConfigurationList;
			buildConfigurations = (
				8E4A86EC2ABB56D100861C02 /* Debug */,
				8E4A86ED2ABB56D100861C02 /* Release */,
			);
			defaultConfigurationIsVisible = 0;
			defaultConfigurationName = Release;
		};
		8E4A86EE2ABB56D100861C02 /* Build configuration list for PBXNativeTarget "ModalViews-Example" */ = {
			isa = XCConfigurationList;
			buildConfigurations = (
				8E4A86EF2ABB56D100861C02 /* Debug */,
				8E4A86F02ABB56D100861C02 /* Release */,
			);
			defaultConfigurationIsVisible = 0;
			defaultConfigurationName = Release;
		};
/* End XCConfigurationList section */
	};
	rootObject = 8E4A86D82ABB56D000861C02 /* Project object */;
}
